
Microsoft Visual Studio Solution File, Format Version 12.00
# Visual Studio Version 17
VisualStudioVersion = 17.0.31903.59
MinimumVisualStudioVersion = 10.0.40219.1
Project("{FAE04EC0-301F-11D3-BF4B-00C04F79EFBC}") = "TravelAgency.Domain", "TravelAgency.Domain\TravelAgency.Domain.csproj", "{75D3291C-03EF-4147-95DF-412FEFF03962}"
EndProject
Project("{FAE04EC0-301F-11D3-BF4B-00C04F79EFBC}") = "TravelAgency.App", "TravelAgency.App\TravelAgency.App.csproj", "{6469DBE6-239F-478C-8A45-01CA0769285B}"
EndProject
Project("{FAE04EC0-301F-11D3-BF4B-00C04F79EFBC}") = "TravelAgency.Tests", "TravelAgency.Tests\TravelAgency.Tests.csproj", "{C5F69952-1A25-4658-8939-377E0E533967}"
EndProject
Global
	GlobalSection(SolutionConfigurationPlatforms) = preSolution
		Debug|Any CPU = Debug|Any CPU
		Debug|x64 = Debug|x64
		Debug|x86 = Debug|x86
		Release|Any CPU = Release|Any CPU
		Release|x64 = Release|x64
		Release|x86 = Release|x86
	EndGlobalSection
	GlobalSection(ProjectConfigurationPlatforms) = postSolution
		{75D3291C-03EF-4147-95DF-412FEFF03962}.Debug|Any CPU.ActiveCfg = Debug|Any CPU
		{75D3291C-03EF-4147-95DF-412FEFF03962}.Debug|Any CPU.Build.0 = Debug|Any CPU
		{75D3291C-03EF-4147-95DF-412FEFF03962}.Debug|x64.ActiveCfg = Debug|Any CPU
		{75D3291C-03EF-4147-95DF-412FEFF03962}.Debug|x64.Build.0 = Debug|Any CPU
		{75D3291C-03EF-4147-95DF-412FEFF03962}.Debug|x86.ActiveCfg = Debug|Any CPU
		{75D3291C-03EF-4147-95DF-412FEFF03962}.Debug|x86.Build.0 = Debug|Any CPU
		{75D3291C-03EF-4147-95DF-412FEFF03962}.Release|Any CPU.ActiveCfg = Release|Any CPU
		{75D3291C-03EF-4147-95DF-412FEFF03962}.Release|Any CPU.Build.0 = Release|Any CPU
		{75D3291C-03EF-4147-95DF-412FEFF03962}.Release|x64.ActiveCfg = Release|Any CPU
		{75D3291C-03EF-4147-95DF-412FEFF03962}.Release|x64.Build.0 = Release|Any CPU
		{75D3291C-03EF-4147-95DF-412FEFF03962}.Release|x86.ActiveCfg = Release|Any CPU
		{75D3291C-03EF-4147-95DF-412FEFF03962}.Release|x86.Build.0 = Release|Any CPU
		{6469DBE6-239F-478C-8A45-01CA0769285B}.Debug|Any CPU.ActiveCfg = Debug|Any CPU
		{6469DBE6-239F-478C-8A45-01CA0769285B}.Debug|Any CPU.Build.0 = Debug|Any CPU
		{6469DBE6-239F-478C-8A45-01CA0769285B}.Debug|x64.ActiveCfg = Debug|Any CPU
		{6469DBE6-239F-478C-8A45-01CA0769285B}.Debug|x64.Build.0 = Debug|Any CPU
		{6469DBE6-239F-478C-8A45-01CA0769285B}.Debug|x86.ActiveCfg = Debug|Any CPU
		{6469DBE6-239F-478C-8A45-01CA0769285B}.Debug|x86.Build.0 = Debug|Any CPU
		{6469DBE6-239F-478C-8A45-01CA0769285B}.Release|Any CPU.ActiveCfg = Release|Any CPU
		{6469DBE6-239F-478C-8A45-01CA0769285B}.Release|Any CPU.Build.0 = Release|Any CPU
		{6469DBE6-239F-478C-8A45-01CA0769285B}.Release|x64.ActiveCfg = Release|Any CPU
		{6469DBE6-239F-478C-8A45-01CA0769285B}.Release|x64.Build.0 = Release|Any CPU
		{6469DBE6-239F-478C-8A45-01CA0769285B}.Release|x86.ActiveCfg = Release|Any CPU
		{6469DBE6-239F-478C-8A45-01CA0769285B}.Release|x86.Build.0 = Release|Any CPU
		{C5F69952-1A25-4658-8939-377E0E533967}.Debug|Any CPU.ActiveCfg = Debug|Any CPU
		{C5F69952-1A25-4658-8939-377E0E533967}.Debug|Any CPU.Build.0 = Debug|Any CPU
		{C5F69952-1A25-4658-8939-377E0E533967}.Debug|x64.ActiveCfg = Debug|Any CPU
		{C5F69952-1A25-4658-8939-377E0E533967}.Debug|x64.Build.0 = Debug|Any CPU
		{C5F69952-1A25-4658-8939-377E0E533967}.Debug|x86.ActiveCfg = Debug|Any CPU
		{C5F69952-1A25-4658-8939-377E0E533967}.Debug|x86.Build.0 = Debug|Any CPU
		{C5F69952-1A25-4658-8939-377E0E533967}.Release|Any CPU.ActiveCfg = Release|Any CPU
		{C5F69952-1A25-4658-8939-377E0E533967}.Release|Any CPU.Build.0 = Release|Any CPU
		{C5F69952-1A25-4658-8939-377E0E533967}.Release|x64.ActiveCfg = Release|Any CPU
		{C5F69952-1A25-4658-8939-377E0E533967}.Release|x64.Build.0 = Release|Any CPU
		{C5F69952-1A25-4658-8939-377E0E533967}.Release|x86.ActiveCfg = Release|Any CPU
		{C5F69952-1A25-4658-8939-377E0E533967}.Release|x86.Build.0 = Release|Any CPU
	EndGlobalSection
	GlobalSection(SolutionProperties) = preSolution
		HideSolutionNode = FALSE
	EndGlobalSection
EndGlobal
